
Microsoft Visual Studio Solution File, Format Version 12.00
# Visual Studio Version 17
VisualStudioVersion = 17.6.33801.468
MinimumVisualStudioVersion = 10.0.40219.1
Project("{FAE04EC0-301F-11D3-BF4B-00C04F79EFBC}") = "mp3", "mp3\mp3.csproj", "{879C8CAD-80D4-4A6E-8E63-654C4430BB87}"
EndProject
Global
	GlobalSection(SolutionConfigurationPlatforms) = preSolution
		Debug|Any CPU = Debug|Any CPU
		Release|Any CPU = Release|Any CPU
	EndGlobalSection
	GlobalSection(ProjectConfigurationPlatforms) = postSolution
		{879C8CAD-80D4-4A6E-8E63-654C4430BB87}.Debug|Any CPU.ActiveCfg = Debug|Any CPU
		{879C8CAD-80D4-4A6E-8E63-654C4430BB87}.Debug|Any CPU.Build.0 = Debug|Any CPU
		{879C8CAD-80D4-4A6E-8E63-654C4430BB87}.Release|Any CPU.ActiveCfg = Release|Any CPU
		{879C8CAD-80D4-4A6E-8E63-654C4430BB87}.Release|Any CPU.Build.0 = Release|Any CPU
	EndGlobalSection
	GlobalSection(SolutionProperties) = preSolution
		HideSolutionNode = FALSE
	EndGlobalSection
	GlobalSection(ExtensibilityGlobals) = postSolution
		SolutionGuid = {9B14E1D8-B12F-48A2-9505-BE766E9E0DAA}
	EndGlobalSection
EndGlobal
